
Microsoft Visual Studio Solution File, Format Version 12.00
# Visual Studio Version 16
VisualStudioVersion = 16.0.31129.286
MinimumVisualStudioVersion = 10.0.40219.1
Project("{FAE04EC0-301F-11D3-BF4B-00C04F79EFBC}") = "MoviesListed", "MoviesListed.csproj", "{E85784E8-5A27-455C-99E2-7C07FFB3CF99}"
EndProject
Global
	GlobalSection(SolutionConfigurationPlatforms) = preSolution
		Debug|Any CPU = Debug|Any CPU
		Release|Any CPU = Release|Any CPU
	EndGlobalSection
	GlobalSection(ProjectConfigurationPlatforms) = postSolution
		{E85784E8-5A27-455C-99E2-7C07FFB3CF99}.Debug|Any CPU.ActiveCfg = Debug|Any CPU
		{E85784E8-5A27-455C-99E2-7C07FFB3CF99}.Debug|Any CPU.Build.0 = Debug|Any CPU
		{E85784E8-5A27-455C-99E2-7C07FFB3CF99}.Release|Any CPU.ActiveCfg = Release|Any CPU
		{E85784E8-5A27-455C-99E2-7C07FFB3CF99}.Release|Any CPU.Build.0 = Release|Any CPU
	EndGlobalSection
	GlobalSection(SolutionProperties) = preSolution
		HideSolutionNode = FALSE
	EndGlobalSection
	GlobalSection(ExtensibilityGlobals) = postSolution
		SolutionGuid = {065864A6-49A9-4664-A9A3-F93C48C22BF2}
	EndGlobalSection
EndGlobal
